
Microsoft Visual Studio Solution File, Format Version 12.00
# Visual Studio 2012
Project("{FAE04EC0-301F-11D3-BF4B-00C04F79EFBC}") = "FTPShare", "FTPShare\FTPShare.csproj", "{0FEE3A3B-E2DE-4C82-96B9-E72B73C5CAA1}"
EndProject
Global
	GlobalSection(SolutionConfigurationPlatforms) = preSolution
		Debug|Any CPU = Debug|Any CPU
		Release|Any CPU = Release|Any CPU
	EndGlobalSection
	GlobalSection(ProjectConfigurationPlatforms) = postSolution
		{0FEE3A3B-E2DE-4C82-96B9-E72B73C5CAA1}.Debug|Any CPU.ActiveCfg = Debug|Any CPU
		{0FEE3A3B-E2DE-4C82-96B9-E72B73C5CAA1}.Debug|Any CPU.Build.0 = Debug|Any CPU
		{0FEE3A3B-E2DE-4C82-96B9-E72B73C5CAA1}.Release|Any CPU.ActiveCfg = Release|Any CPU
		{0FEE3A3B-E2DE-4C82-96B9-E72B73C5CAA1}.Release|Any CPU.Build.0 = Release|Any CPU
	EndGlobalSection
	GlobalSection(SolutionProperties) = preSolution
		HideSolutionNode = FALSE
	EndGlobalSection
EndGlobal
